
Microsoft Visual Studio Solution File, Format Version 12.00
# Visual Studio Version 16
VisualStudioVersion = 16.0.32228.343
MinimumVisualStudioVersion = 10.0.40219.1
Project("{2150E333-8FDC-42A3-9474-1A3956D46DE8}") = "Services", "Services", "{047ABED2-8A74-4DFC-B74A-FDDBF7113D19}"
EndProject
Project("{2150E333-8FDC-42A3-9474-1A3956D46DE8}") = "Catalog", "Catalog", "{25B2B832-7509-4AA9-BDEF-4397C9BAAB0A}"
EndProject
Project("{9A19103F-16F7-4668-BE54-9A1E7A4F7556}") = "Catalog.API", "Services\Catalog\Catalog.API\Catalog.API.csproj", "{1CB97A7D-EBBC-41DF-8729-ACDB9BE2BE22}"
EndProject
Project("{E53339B2-1760-4266-BCC7-CA923CBCF16C}") = "docker-compose", "docker-compose.dcproj", "{D6E8BDEF-0B8F-4DFA-B9C8-5D475827E345}"
EndProject
Project("{2150E333-8FDC-42A3-9474-1A3956D46DE8}") = "Basket", "Basket", "{01610802-EFE9-49FE-9D6C-EAFC02602B88}"
EndProject
Project("{FAE04EC0-301F-11D3-BF4B-00C04F79EFBC}") = "Basket.API", "Services\Basket\Basket.API\Basket.API.csproj", "{BCCCD9F1-2013-46FB-AE41-1A66481A5211}"
EndProject
Global
	GlobalSection(SolutionConfigurationPlatforms) = preSolution
		Debug|Any CPU = Debug|Any CPU
		Release|Any CPU = Release|Any CPU
	EndGlobalSection
	GlobalSection(ProjectConfigurationPlatforms) = postSolution
		{1CB97A7D-EBBC-41DF-8729-ACDB9BE2BE22}.Debug|Any CPU.ActiveCfg = Debug|Any CPU
		{1CB97A7D-EBBC-41DF-8729-ACDB9BE2BE22}.Debug|Any CPU.Build.0 = Debug|Any CPU
		{1CB97A7D-EBBC-41DF-8729-ACDB9BE2BE22}.Release|Any CPU.ActiveCfg = Release|Any CPU
		{1CB97A7D-EBBC-41DF-8729-ACDB9BE2BE22}.Release|Any CPU.Build.0 = Release|Any CPU
		{D6E8BDEF-0B8F-4DFA-B9C8-5D475827E345}.Debug|Any CPU.ActiveCfg = Debug|Any CPU
		{D6E8BDEF-0B8F-4DFA-B9C8-5D475827E345}.Debug|Any CPU.Build.0 = Debug|Any CPU
		{D6E8BDEF-0B8F-4DFA-B9C8-5D475827E345}.Release|Any CPU.ActiveCfg = Release|Any CPU
		{D6E8BDEF-0B8F-4DFA-B9C8-5D475827E345}.Release|Any CPU.Build.0 = Release|Any CPU
		{BCCCD9F1-2013-46FB-AE41-1A66481A5211}.Debug|Any CPU.ActiveCfg = Debug|Any CPU
		{BCCCD9F1-2013-46FB-AE41-1A66481A5211}.Debug|Any CPU.Build.0 = Debug|Any CPU
		{BCCCD9F1-2013-46FB-AE41-1A66481A5211}.Release|Any CPU.ActiveCfg = Release|Any CPU
		{BCCCD9F1-2013-46FB-AE41-1A66481A5211}.Release|Any CPU.Build.0 = Release|Any CPU
	EndGlobalSection
	GlobalSection(SolutionProperties) = preSolution
		HideSolutionNode = FALSE
	EndGlobalSection
	GlobalSection(NestedProjects) = preSolution
		{25B2B832-7509-4AA9-BDEF-4397C9BAAB0A} = {047ABED2-8A74-4DFC-B74A-FDDBF7113D19}
		{1CB97A7D-EBBC-41DF-8729-ACDB9BE2BE22} = {25B2B832-7509-4AA9-BDEF-4397C9BAAB0A}
		{01610802-EFE9-49FE-9D6C-EAFC02602B88} = {047ABED2-8A74-4DFC-B74A-FDDBF7113D19}
		{BCCCD9F1-2013-46FB-AE41-1A66481A5211} = {01610802-EFE9-49FE-9D6C-EAFC02602B88}
	EndGlobalSection
	GlobalSection(ExtensibilityGlobals) = postSolution
		SolutionGuid = {EDE83E4B-9381-4811-B031-F910653D0281}
	EndGlobalSection
EndGlobal
